
Microsoft Visual Studio Solution File, Format Version 12.00
# Visual Studio 15
VisualStudioVersion = 15.0.28307.438
MinimumVisualStudioVersion = 10.0.40219.1
Project("{8BC9CEB8-8B4A-11D0-8D11-00A0C91BC942}") = "POOP_Project1", "POOP_Project1\POOP_Project1.vcxproj", "{CC15684A-49EB-4CCE-9EEF-E50C8B4177A6}"
EndProject
Global
	GlobalSection(SolutionConfigurationPlatforms) = preSolution
		Debug|x64 = Debug|x64
		Debug|x86 = Debug|x86
		Release|x64 = Release|x64
		Release|x86 = Release|x86
	EndGlobalSection
	GlobalSection(ProjectConfigurationPlatforms) = postSolution
		{CC15684A-49EB-4CCE-9EEF-E50C8B4177A6}.Debug|x64.ActiveCfg = Debug|x64
		{CC15684A-49EB-4CCE-9EEF-E50C8B4177A6}.Debug|x64.Build.0 = Debug|x64
		{CC15684A-49EB-4CCE-9EEF-E50C8B4177A6}.Debug|x86.ActiveCfg = Debug|Win32
		{CC15684A-49EB-4CCE-9EEF-E50C8B4177A6}.Debug|x86.Build.0 = Debug|Win32
		{CC15684A-49EB-4CCE-9EEF-E50C8B4177A6}.Release|x64.ActiveCfg = Release|x64
		{CC15684A-49EB-4CCE-9EEF-E50C8B4177A6}.Release|x64.Build.0 = Release|x64
		{CC15684A-49EB-4CCE-9EEF-E50C8B4177A6}.Release|x86.ActiveCfg = Release|Win32
		{CC15684A-49EB-4CCE-9EEF-E50C8B4177A6}.Release|x86.Build.0 = Release|Win32
	EndGlobalSection
	GlobalSection(SolutionProperties) = preSolution
		HideSolutionNode = FALSE
	EndGlobalSection
	GlobalSection(ExtensibilityGlobals) = postSolution
		SolutionGuid = {7989D693-4D0B-4800-8C98-0075DB4CA5D4}
	EndGlobalSection
EndGlobal
